
Microsoft Visual Studio Solution File, Format Version 12.00
# Visual Studio 2013
VisualStudioVersion = 12.0.31101.0
MinimumVisualStudioVersion = 10.0.40219.1
Project("{FAE04EC0-301F-11D3-BF4B-00C04F79EFBC}") = "ExamSelise", "ExamSelise\ExamSelise.csproj", "{A031554C-E9FA-4CAA-835D-F6B09840AA62}"
EndProject
Project("{FAE04EC0-301F-11D3-BF4B-00C04F79EFBC}") = "LiveCricketApp", "LiveCricketApp\LiveCricketApp.csproj", "{E16D5B7B-06F3-428C-9B03-FE0E0386973A}"
EndProject
Global
	GlobalSection(SolutionConfigurationPlatforms) = preSolution
		Debug|Any CPU = Debug|Any CPU
		Release|Any CPU = Release|Any CPU
	EndGlobalSection
	GlobalSection(ProjectConfigurationPlatforms) = postSolution
		{A031554C-E9FA-4CAA-835D-F6B09840AA62}.Debug|Any CPU.ActiveCfg = Debug|Any CPU
		{A031554C-E9FA-4CAA-835D-F6B09840AA62}.Debug|Any CPU.Build.0 = Debug|Any CPU
		{A031554C-E9FA-4CAA-835D-F6B09840AA62}.Release|Any CPU.ActiveCfg = Release|Any CPU
		{A031554C-E9FA-4CAA-835D-F6B09840AA62}.Release|Any CPU.Build.0 = Release|Any CPU
		{E16D5B7B-06F3-428C-9B03-FE0E0386973A}.Debug|Any CPU.ActiveCfg = Debug|Any CPU
		{E16D5B7B-06F3-428C-9B03-FE0E0386973A}.Debug|Any CPU.Build.0 = Debug|Any CPU
		{E16D5B7B-06F3-428C-9B03-FE0E0386973A}.Release|Any CPU.ActiveCfg = Release|Any CPU
		{E16D5B7B-06F3-428C-9B03-FE0E0386973A}.Release|Any CPU.Build.0 = Release|Any CPU
	EndGlobalSection
	GlobalSection(SolutionProperties) = preSolution
		HideSolutionNode = FALSE
	EndGlobalSection
EndGlobal
